
Microsoft Visual Studio Solution File, Format Version 12.00
# Visual Studio Version 16
VisualStudioVersion = 16.0.30114.105
MinimumVisualStudioVersion = 10.0.40219.1
Project("{FAE04EC0-301F-11D3-BF4B-00C04F79EFBC}") = "Pokus2", "Pokus2\Pokus2.csproj", "{C39DCB40-D752-4743-8362-F960E795D150}"
EndProject
Project("{FAE04EC0-301F-11D3-BF4B-00C04F79EFBC}") = "Pokus22", "Pokus22\Pokus22.csproj", "{4EEE9ADB-79C1-4A48-A261-B8671F04CE34}"
EndProject
Global
	GlobalSection(SolutionConfigurationPlatforms) = preSolution
		Debug|Any CPU = Debug|Any CPU
		Release|Any CPU = Release|Any CPU
	EndGlobalSection
	GlobalSection(ProjectConfigurationPlatforms) = postSolution
		{C39DCB40-D752-4743-8362-F960E795D150}.Debug|Any CPU.ActiveCfg = Debug|Any CPU
		{C39DCB40-D752-4743-8362-F960E795D150}.Debug|Any CPU.Build.0 = Debug|Any CPU
		{C39DCB40-D752-4743-8362-F960E795D150}.Release|Any CPU.ActiveCfg = Release|Any CPU
		{C39DCB40-D752-4743-8362-F960E795D150}.Release|Any CPU.Build.0 = Release|Any CPU
		{4EEE9ADB-79C1-4A48-A261-B8671F04CE34}.Debug|Any CPU.ActiveCfg = Debug|Any CPU
		{4EEE9ADB-79C1-4A48-A261-B8671F04CE34}.Debug|Any CPU.Build.0 = Debug|Any CPU
		{4EEE9ADB-79C1-4A48-A261-B8671F04CE34}.Release|Any CPU.ActiveCfg = Release|Any CPU
		{4EEE9ADB-79C1-4A48-A261-B8671F04CE34}.Release|Any CPU.Build.0 = Release|Any CPU
	EndGlobalSection
	GlobalSection(SolutionProperties) = preSolution
		HideSolutionNode = FALSE
	EndGlobalSection
	GlobalSection(ExtensibilityGlobals) = postSolution
		SolutionGuid = {F67271D3-33EB-4A73-9BEC-85F959955F41}
	EndGlobalSection
EndGlobal
